{
  "originHash" : "e2b77cba7b651de846ea4b608e76764c26dbd7a21621de1ae023197182351778",
  "pins" : [
    {
      "identity" : "swift-sqlcipher",
      "kind" : "remoteSourceControl",
      "location" : "https://github.com/skiptools/swift-sqlcipher.git",
      "state" : {
        "revision" : "cf5c89ad63146db3a4258a1e26da4d2b3fa4a087",
        "version" : "1.9.0"
      }
    }
  ],
  "version" : 3
}
